
Microsoft Visual Studio Solution File, Format Version 12.00
# Visual Studio 15
VisualStudioVersion = 15.0.28307.1800
MinimumVisualStudioVersion = 10.0.40219.1
Project("{FAE04EC0-301F-11D3-BF4B-00C04F79EFBC}") = "ModuloConexion", "ModuloConexion\ModuloConexion.csproj", "{FF088715-C9A1-4A76-89F8-C06953331922}"
EndProject
Global
	GlobalSection(SolutionConfigurationPlatforms) = preSolution
		Debug|Any CPU = Debug|Any CPU
		Release|Any CPU = Release|Any CPU
	EndGlobalSection
	GlobalSection(ProjectConfigurationPlatforms) = postSolution
		{FF088715-C9A1-4A76-89F8-C06953331922}.Debug|Any CPU.ActiveCfg = Debug|Any CPU
		{FF088715-C9A1-4A76-89F8-C06953331922}.Debug|Any CPU.Build.0 = Debug|Any CPU
		{FF088715-C9A1-4A76-89F8-C06953331922}.Release|Any CPU.ActiveCfg = Release|Any CPU
		{FF088715-C9A1-4A76-89F8-C06953331922}.Release|Any CPU.Build.0 = Release|Any CPU
	EndGlobalSection
	GlobalSection(SolutionProperties) = preSolution
		HideSolutionNode = FALSE
	EndGlobalSection
	GlobalSection(ExtensibilityGlobals) = postSolution
		SolutionGuid = {58587DD7-5849-44E9-BACD-AEAF1F4D3046}
	EndGlobalSection
EndGlobal
